
Microsoft Visual Studio Solution File, Format Version 12.00
# Visual Studio Version 16
VisualStudioVersion = 16.0.29326.143
MinimumVisualStudioVersion = 10.0.40219.1
Project("{FAE04EC0-301F-11D3-BF4B-00C04F79EFBC}") = "PersonalPortfolio", "PersonalPortfolio\PersonalPortfolio.csproj", "{2418B682-12FC-4609-AF2A-B4BCB2EA5CFC}"
EndProject
Global
	GlobalSection(SolutionConfigurationPlatforms) = preSolution
		Debug|Any CPU = Debug|Any CPU
		Release|Any CPU = Release|Any CPU
	EndGlobalSection
	GlobalSection(ProjectConfigurationPlatforms) = postSolution
		{2418B682-12FC-4609-AF2A-B4BCB2EA5CFC}.Debug|Any CPU.ActiveCfg = Debug|Any CPU
		{2418B682-12FC-4609-AF2A-B4BCB2EA5CFC}.Debug|Any CPU.Build.0 = Debug|Any CPU
		{2418B682-12FC-4609-AF2A-B4BCB2EA5CFC}.Release|Any CPU.ActiveCfg = Release|Any CPU
		{2418B682-12FC-4609-AF2A-B4BCB2EA5CFC}.Release|Any CPU.Build.0 = Release|Any CPU
	EndGlobalSection
	GlobalSection(SolutionProperties) = preSolution
		HideSolutionNode = FALSE
	EndGlobalSection
	GlobalSection(ExtensibilityGlobals) = postSolution
		SolutionGuid = {E0534945-5EBC-4C55-96BF-5CA22CB38779}
	EndGlobalSection
EndGlobal
