
Microsoft Visual Studio Solution File, Format Version 12.00
# Visual Studio Version 16
VisualStudioVersion = 16.0.29326.143
MinimumVisualStudioVersion = 10.0.40219.1
Project("{FAE04EC0-301F-11D3-BF4B-00C04F79EFBC}") = "PersonalPortfolio", "PersonalPortfolio\PersonalPortfolio.csproj", "{2418B682-12FC-4609-AF2A-B4BCB2EA5CFC}"
EndProject
Project("{FAE04EC0-301F-11D3-BF4B-00C04F79EFBC}") = "PersonalPortfolio.Core", "PersonalPortfolio.Core\PersonalPortfolio.Core.csproj", "{D06612D2-BBE0-4FE5-BBA2-1DAB13607477}"
EndProject
Project("{FAE04EC0-301F-11D3-BF4B-00C04F79EFBC}") = "PersonalPortfolio.Infrastructure", "PersonalPortfolio.Infrastructure\PersonalPortfolio.Infrastructure.csproj", "{E8E6C285-D03C-4BA9-8648-BA4830939141}"
EndProject
Global
	GlobalSection(SolutionConfigurationPlatforms) = preSolution
		Debug|Any CPU = Debug|Any CPU
		Release|Any CPU = Release|Any CPU
	EndGlobalSection
	GlobalSection(ProjectConfigurationPlatforms) = postSolution
		{2418B682-12FC-4609-AF2A-B4BCB2EA5CFC}.Debug|Any CPU.ActiveCfg = Debug|Any CPU
		{2418B682-12FC-4609-AF2A-B4BCB2EA5CFC}.Debug|Any CPU.Build.0 = Debug|Any CPU
		{2418B682-12FC-4609-AF2A-B4BCB2EA5CFC}.Release|Any CPU.ActiveCfg = Release|Any CPU
		{2418B682-12FC-4609-AF2A-B4BCB2EA5CFC}.Release|Any CPU.Build.0 = Release|Any CPU
		{D06612D2-BBE0-4FE5-BBA2-1DAB13607477}.Debug|Any CPU.ActiveCfg = Debug|Any CPU
		{D06612D2-BBE0-4FE5-BBA2-1DAB13607477}.Debug|Any CPU.Build.0 = Debug|Any CPU
		{D06612D2-BBE0-4FE5-BBA2-1DAB13607477}.Release|Any CPU.ActiveCfg = Release|Any CPU
		{D06612D2-BBE0-4FE5-BBA2-1DAB13607477}.Release|Any CPU.Build.0 = Release|Any CPU
		{E8E6C285-D03C-4BA9-8648-BA4830939141}.Debug|Any CPU.ActiveCfg = Debug|Any CPU
		{E8E6C285-D03C-4BA9-8648-BA4830939141}.Debug|Any CPU.Build.0 = Debug|Any CPU
		{E8E6C285-D03C-4BA9-8648-BA4830939141}.Release|Any CPU.ActiveCfg = Release|Any CPU
		{E8E6C285-D03C-4BA9-8648-BA4830939141}.Release|Any CPU.Build.0 = Release|Any CPU
	EndGlobalSection
	GlobalSection(SolutionProperties) = preSolution
		HideSolutionNode = FALSE
	EndGlobalSection
	GlobalSection(ExtensibilityGlobals) = postSolution
		SolutionGuid = {E0534945-5EBC-4C55-96BF-5CA22CB38779}
	EndGlobalSection
EndGlobal
